{
  "requires": true,
  "lockfileVersion": 1,
  "dependencies": {
    "lazy-line-painter": {
      "version": "1.9.6",
      "resolved": "https://registry.npmjs.org/lazy-line-painter/-/lazy-line-painter-1.9.6.tgz",
      "integrity": "sha512-1/jmvRiNGxpYfADe5fgns08o92VnzxYh7544w8D8KTT6oZaoN3wa+nrRZ85bzO07Bqx7a4kZ6Z2ravCwGr9vIQ=="
    },
    "skrollr": {
      "version": "0.6.26",
      "resolved": "https://registry.npmjs.org/skrollr/-/skrollr-0.6.26.tgz",
      "integrity": "sha1-ZdGq/MafxtJ+bP8PCGwlsxsgqxg="
    }
  }
}
